# THIS IS AN AUTOGENERATED FILE. DO NOT EDIT THIS FILE DIRECTLY.
# yarn lockfile v1


"@mdi/svg@^7.0.96":
  "integrity" "sha512-5DC+w7Kl2C82j4aTWCUf6wtHzgY60WBf1gT1qrpkLaMNcH6Vj9FpYPAXdSmtdkmSMvVMs8i1Rtv9cXWcHFQYpw=="
  "resolved" "https://registry.npmjs.org/@mdi/svg/-/svg-7.0.96.tgz"
  "version" "7.0.96"
